
Microsoft Visual Studio Solution File, Format Version 12.00
# Visual Studio Version 16
VisualStudioVersion = 16.0.30804.86
MinimumVisualStudioVersion = 10.0.40219.1
Project("{FAE04EC0-301F-11D3-BF4B-00C04F79EFBC}") = "Day9", "Day9\Day9.csproj", "{C4EDF0D9-2F3F-4B70-98D2-A1790FD3FF4F}"
EndProject
Global
	GlobalSection(SolutionConfigurationPlatforms) = preSolution
		Debug|Any CPU = Debug|Any CPU
		Release|Any CPU = Release|Any CPU
	EndGlobalSection
	GlobalSection(ProjectConfigurationPlatforms) = postSolution
		{C4EDF0D9-2F3F-4B70-98D2-A1790FD3FF4F}.Debug|Any CPU.ActiveCfg = Debug|Any CPU
		{C4EDF0D9-2F3F-4B70-98D2-A1790FD3FF4F}.Debug|Any CPU.Build.0 = Debug|Any CPU
		{C4EDF0D9-2F3F-4B70-98D2-A1790FD3FF4F}.Release|Any CPU.ActiveCfg = Release|Any CPU
		{C4EDF0D9-2F3F-4B70-98D2-A1790FD3FF4F}.Release|Any CPU.Build.0 = Release|Any CPU
	EndGlobalSection
	GlobalSection(SolutionProperties) = preSolution
		HideSolutionNode = FALSE
	EndGlobalSection
	GlobalSection(ExtensibilityGlobals) = postSolution
		SolutionGuid = {3BAA88B4-3CDE-4574-BD8A-2431E2FFCF91}
	EndGlobalSection
EndGlobal
